
Microsoft Visual Studio Solution File, Format Version 12.00
# Visual Studio Version 17
VisualStudioVersion = 17.12.35707.178 d17.12
MinimumVisualStudioVersion = 10.0.40219.1
Project("{FAE04EC0-301F-11D3-BF4B-00C04F79EFBC}") = "RPA", "RPA\RPA.csproj", "{24FDD480-7785-4200-ADE1-B5CAF07AD74F}"
EndProject
Project("{FAE04EC0-301F-11D3-BF4B-00C04F79EFBC}") = "RPA.Infrastracture", "RPA.Infrastracture\RPA.Infrastracture.csproj", "{D8942DDD-9B1F-46E3-AA16-3EF45110B1D3}"
EndProject
Project("{FAE04EC0-301F-11D3-BF4B-00C04F79EFBC}") = "RPA.Core", "RPA.Core\RPA.Core.csproj", "{545B195A-2466-44BC-A901-75A955E9E7FE}"
EndProject
Global
	GlobalSection(SolutionConfigurationPlatforms) = preSolution
		Debug|Any CPU = Debug|Any CPU
		Release|Any CPU = Release|Any CPU
	EndGlobalSection
	GlobalSection(ProjectConfigurationPlatforms) = postSolution
		{24FDD480-7785-4200-ADE1-B5CAF07AD74F}.Debug|Any CPU.ActiveCfg = Debug|Any CPU
		{24FDD480-7785-4200-ADE1-B5CAF07AD74F}.Debug|Any CPU.Build.0 = Debug|Any CPU
		{24FDD480-7785-4200-ADE1-B5CAF07AD74F}.Release|Any CPU.ActiveCfg = Release|Any CPU
		{24FDD480-7785-4200-ADE1-B5CAF07AD74F}.Release|Any CPU.Build.0 = Release|Any CPU
		{D8942DDD-9B1F-46E3-AA16-3EF45110B1D3}.Debug|Any CPU.ActiveCfg = Debug|Any CPU
		{D8942DDD-9B1F-46E3-AA16-3EF45110B1D3}.Debug|Any CPU.Build.0 = Debug|Any CPU
		{D8942DDD-9B1F-46E3-AA16-3EF45110B1D3}.Release|Any CPU.ActiveCfg = Release|Any CPU
		{D8942DDD-9B1F-46E3-AA16-3EF45110B1D3}.Release|Any CPU.Build.0 = Release|Any CPU
		{545B195A-2466-44BC-A901-75A955E9E7FE}.Debug|Any CPU.ActiveCfg = Debug|Any CPU
		{545B195A-2466-44BC-A901-75A955E9E7FE}.Debug|Any CPU.Build.0 = Debug|Any CPU
		{545B195A-2466-44BC-A901-75A955E9E7FE}.Release|Any CPU.ActiveCfg = Release|Any CPU
		{545B195A-2466-44BC-A901-75A955E9E7FE}.Release|Any CPU.Build.0 = Release|Any CPU
	EndGlobalSection
	GlobalSection(SolutionProperties) = preSolution
		HideSolutionNode = FALSE
	EndGlobalSection
EndGlobal
